
Microsoft Visual Studio Solution File, Format Version 12.00
# Visual Studio Version 17
VisualStudioVersion = 17.7.34031.279
MinimumVisualStudioVersion = 10.0.40219.1
Project("{FAE04EC0-301F-11D3-BF4B-00C04F79EFBC}") = "Calculadora", "Calculadora.csproj", "{49EB09D2-539E-45AA-AD26-5087CA9ECE4D}"
EndProject
Global
	GlobalSection(SolutionConfigurationPlatforms) = preSolution
		Debug|Any CPU = Debug|Any CPU
		Release|Any CPU = Release|Any CPU
	EndGlobalSection
	GlobalSection(ProjectConfigurationPlatforms) = postSolution
		{49EB09D2-539E-45AA-AD26-5087CA9ECE4D}.Debug|Any CPU.ActiveCfg = Debug|Any CPU
		{49EB09D2-539E-45AA-AD26-5087CA9ECE4D}.Debug|Any CPU.Build.0 = Debug|Any CPU
		{49EB09D2-539E-45AA-AD26-5087CA9ECE4D}.Release|Any CPU.ActiveCfg = Release|Any CPU
		{49EB09D2-539E-45AA-AD26-5087CA9ECE4D}.Release|Any CPU.Build.0 = Release|Any CPU
	EndGlobalSection
	GlobalSection(SolutionProperties) = preSolution
		HideSolutionNode = FALSE
	EndGlobalSection
	GlobalSection(ExtensibilityGlobals) = postSolution
		SolutionGuid = {C603D259-438E-4EAF-9F4D-8EC2F8C7B6E0}
	EndGlobalSection
EndGlobal
